{
  "name": "marvel",
  "version": "1.0.0",
  "lockfileVersion": 3,
  "requires": true,
  "packages": {
    "": {
      "name": "marvel",
      "version": "1.0.0",
      "license": "ISC",
      "dependencies": {
        "backbone": "^1.6.1",
        "blueimp-md5": "^2.19.0",
        "crypto-js": "^4.2.0",
        "jquery": "^3.7.1",
        "underscore": "^1.13.7"
      }
    },
    "node_modules/backbone": {
      "version": "1.6.1",
      "resolved": "https://registry.npmjs.org/backbone/-/backbone-1.6.1.tgz",
      "integrity": "sha512-YQzWxOrIgL6BoFnZjThVN99smKYhyEXXFyJJ2lsF1wJLyo4t+QjmkLrH8/fN22FZ4ykF70Xq7PgTugJVR4zS9Q==",
      "license": "MIT",
      "dependencies": {
        "underscore": ">=1.8.3"
      }
    },
    "node_modules/blueimp-md5": {
      "version": "2.19.0",
      "resolved": "https://registry.npmjs.org/blueimp-md5/-/blueimp-md5-2.19.0.tgz",
      "integrity": "sha512-DRQrD6gJyy8FbiE4s+bDoXS9hiW3Vbx5uCdwvcCf3zLHL+Iv7LtGHLpr+GZV8rHG8tK766FGYBwRbu8pELTt+w==",
      "license": "MIT"
    },
    "node_modules/crypto-js": {
      "version": "4.2.0",
      "resolved": "https://registry.npmjs.org/crypto-js/-/crypto-js-4.2.0.tgz",
      "integrity": "sha512-KALDyEYgpY+Rlob/iriUtjV6d5Eq+Y191A5g4UqLAi8CyGP9N1+FdVbkc1SxKc2r4YAYqG8JzO2KGL+AizD70Q==",
      "license": "MIT"
    },
    "node_modules/jquery": {
      "version": "3.7.1",
      "resolved": "https://registry.npmjs.org/jquery/-/jquery-3.7.1.tgz",
      "integrity": "sha512-m4avr8yL8kmFN8psrbFFFmB/If14iN5o9nw/NgnnM+kybDJpRsAynV2BsfpTYrTRysYUdADVD7CkUUizgkpLfg==",
      "license": "MIT"
    },
    "node_modules/underscore": {
      "version": "1.13.7",
      "resolved": "https://registry.npmjs.org/underscore/-/underscore-1.13.7.tgz",
      "integrity": "sha512-GMXzWtsc57XAtguZgaQViUOzs0KTkk8ojr3/xAxXLITqf/3EMwxC0inyETfDFjH/Krbhuep0HNbbjI9i/q3F3g==",
      "license": "MIT"
    }
  }
}
